// !$*UTF8*$!
{
	archiveVersion = 1;
	classes = {
	};
	objectVersion = 55;
	objects = {

/* Begin PBXBuildFile section */
		4E160E9328614CA1002CF6CC /* Alamofire in Frameworks */ = {isa = PBXBuildFile; productRef = 4E160E9228614CA1002CF6CC /* Alamofire */; };
		4EB36A5428612D380042DA2A /* AppDelegate.swift in Sources */ = {isa = PBXBuildFile; fileRef = 4EB36A5328612D380042DA2A /* AppDelegate.swift */; };
		4EB36A5628612D380042DA2A /* SceneDelegate.swift in Sources */ = {isa = PBXBuildFile; fileRef = 4EB36A5528612D380042DA2A /* SceneDelegate.swift */; };
		4EB36A5B28612D380042DA2A /* Main.storyboard in Resources */ = {isa = PBXBuildFile; fileRef = 4EB36A5928612D380042DA2A /* Main.storyboard */; };
		4EB36A5E28612D380042DA2A /* VkApp.xcdatamodeld in Sources */ = {isa = PBXBuildFile; fileRef = 4EB36A5C28612D380042DA2A /* VkApp.xcdatamodeld */; };
		4EB36A6028612D3B0042DA2A /* Assets.xcassets in Resources */ = {isa = PBXBuildFile; fileRef = 4EB36A5F28612D3B0042DA2A /* Assets.xcassets */; };
		4EB36A6328612D3B0042DA2A /* LaunchScreen.storyboard in Resources */ = {isa = PBXBuildFile; fileRef = 4EB36A6128612D3B0042DA2A /* LaunchScreen.storyboard */; };
		4EB36A6D28612D9A0042DA2A /* Constants.swift in Sources */ = {isa = PBXBuildFile; fileRef = 4EB36A6C28612D9A0042DA2A /* Constants.swift */; };
		4EB36A7028612DC80042DA2A /* Extensions+URL.swift in Sources */ = {isa = PBXBuildFile; fileRef = 4EB36A6F28612DC80042DA2A /* Extensions+URL.swift */; };
		4EB36A7228612DDC0042DA2A /* Extensions + UIImageView.swift in Sources */ = {isa = PBXBuildFile; fileRef = 4EB36A7128612DDC0042DA2A /* Extensions + UIImageView.swift */; };
		4EB36A7528612DFA0042DA2A /* FriendsModel.swift in Sources */ = {isa = PBXBuildFile; fileRef = 4EB36A7428612DFA0042DA2A /* FriendsModel.swift */; };
		4EB36A7728612E900042DA2A /* PhotosModel.swift in Sources */ = {isa = PBXBuildFile; fileRef = 4EB36A7628612E900042DA2A /* PhotosModel.swift */; };
		4EB36A7928612EA60042DA2A /* GroupsModel.swift in Sources */ = {isa = PBXBuildFile; fileRef = 4EB36A7828612EA60042DA2A /* GroupsModel.swift */; };
		4EB36A7C28612EC50042DA2A /* Session.swift in Sources */ = {isa = PBXBuildFile; fileRef = 4EB36A7B28612EC50042DA2A /* Session.swift */; };
		4EB36A7F28612EEF0042DA2A /* VKLoginViewController.swift in Sources */ = {isa = PBXBuildFile; fileRef = 4EB36A7E28612EEF0042DA2A /* VKLoginViewController.swift */; };
		4EB36A8528612F3A0042DA2A /* PhotoFriendsService.swift in Sources */ = {isa = PBXBuildFile; fileRef = 4EB36A8428612F3A0042DA2A /* PhotoFriendsService.swift */; };
		4EB36A8728612F630042DA2A /* FriendsCollectionViewCell.swift in Sources */ = {isa = PBXBuildFile; fileRef = 4EB36A8628612F630042DA2A /* FriendsCollectionViewCell.swift */; };
		4EB36A8928612F850042DA2A /* FriendsCollectionViewController.swift in Sources */ = {isa = PBXBuildFile; fileRef = 4EB36A8828612F850042DA2A /* FriendsCollectionViewController.swift */; };
		4EB36A8F28612FD00042DA2A /* FriendService.swift in Sources */ = {isa = PBXBuildFile; fileRef = 4EB36A8E28612FD00042DA2A /* FriendService.swift */; };
		4EB36A9128612FEA0042DA2A /* FriendsTableViewCell.swift in Sources */ = {isa = PBXBuildFile; fileRef = 4EB36A9028612FEA0042DA2A /* FriendsTableViewCell.swift */; };
		4EB36A9328612FFC0042DA2A /* FriendsTableViewController.swift in Sources */ = {isa = PBXBuildFile; fileRef = 4EB36A9228612FFC0042DA2A /* FriendsTableViewController.swift */; };
		4EB36A962861303E0042DA2A /* AvatarView.swift in Sources */ = {isa = PBXBuildFile; fileRef = 4EB36A952861303E0042DA2A /* AvatarView.swift */; };
		4EB36A99286130590042DA2A /* LikeControl.swift in Sources */ = {isa = PBXBuildFile; fileRef = 4EB36A98286130590042DA2A /* LikeControl.swift */; };
		4EB36A9F2861308A0042DA2A /* GroupService.swift in Sources */ = {isa = PBXBuildFile; fileRef = 4EB36A9E2861308A0042DA2A /* GroupService.swift */; };
		4EB36AA1286130A00042DA2A /* MyGroupTableViewCell.swift in Sources */ = {isa = PBXBuildFile; fileRef = 4EB36AA0286130A00042DA2A /* MyGroupTableViewCell.swift */; };
		4EB36AA3286130B10042DA2A /* MyGroupTableViewController.swift in Sources */ = {isa = PBXBuildFile; fileRef = 4EB36AA2286130B10042DA2A /* MyGroupTableViewController.swift */; };
		4EB36AA628613CA40042DA2A /* Realm in Frameworks */ = {isa = PBXBuildFile; productRef = 4EB36AA528613CA40042DA2A /* Realm */; };
		4EB36AA828613CA40042DA2A /* RealmSwift in Frameworks */ = {isa = PBXBuildFile; productRef = 4EB36AA728613CA40042DA2A /* RealmSwift */; };
/* End PBXBuildFile section */

/* Begin PBXFileReference section */
		4EB36A5028612D380042DA2A /* VkApp.app */ = {isa = PBXFileReference; explicitFileType = wrapper.application; includeInIndex = 0; path = VkApp.app; sourceTree = BUILT_PRODUCTS_DIR; };
		4EB36A5328612D380042DA2A /* AppDelegate.swift */ = {isa = PBXFileReference; lastKnownFileType = sourcecode.swift; path = AppDelegate.swift; sourceTree = "<group>"; };
		4EB36A5528612D380042DA2A /* SceneDelegate.swift */ = {isa = PBXFileReference; lastKnownFileType = sourcecode.swift; path = SceneDelegate.swift; sourceTree = "<group>"; };
		4EB36A5A28612D380042DA2A /* Base */ = {isa = PBXFileReference; lastKnownFileType = file.storyboard; name = Base; path = Base.lproj/Main.storyboard; sourceTree = "<group>"; };
		4EB36A5D28612D380042DA2A /* VkApp.xcdatamodel */ = {isa = PBXFileReference; lastKnownFileType = wrapper.xcdatamodel; path = VkApp.xcdatamodel; sourceTree = "<group>"; };
		4EB36A5F28612D3B0042DA2A /* Assets.xcassets */ = {isa = PBXFileReference; lastKnownFileType = folder.assetcatalog; path = Assets.xcassets; sourceTree = "<group>"; };
		4EB36A6228612D3B0042DA2A /* Base */ = {isa = PBXFileReference; lastKnownFileType = file.storyboard; name = Base; path = Base.lproj/LaunchScreen.storyboard; sourceTree = "<group>"; };
		4EB36A6428612D3B0042DA2A /* Info.plist */ = {isa = PBXFileReference; lastKnownFileType = text.plist.xml; path = Info.plist; sourceTree = "<group>"; };
		4EB36A6C28612D9A0042DA2A /* Constants.swift */ = {isa = PBXFileReference; lastKnownFileType = sourcecode.swift; path = Constants.swift; sourceTree = "<group>"; };
		4EB36A6F28612DC80042DA2A /* Extensions+URL.swift */ = {isa = PBXFileReference; lastKnownFileType = sourcecode.swift; path = "Extensions+URL.swift"; sourceTree = "<group>"; };
		4EB36A7128612DDC0042DA2A /* Extensions + UIImageView.swift */ = {isa = PBXFileReference; lastKnownFileType = sourcecode.swift; path = "Extensions + UIImageView.swift"; sourceTree = "<group>"; };
		4EB36A7428612DFA0042DA2A /* FriendsModel.swift */ = {isa = PBXFileReference; lastKnownFileType = sourcecode.swift; path = FriendsModel.swift; sourceTree = "<group>"; };
		4EB36A7628612E900042DA2A /* PhotosModel.swift */ = {isa = PBXFileReference; lastKnownFileType = sourcecode.swift; path = PhotosModel.swift; sourceTree = "<group>"; };
		4EB36A7828612EA60042DA2A /* GroupsModel.swift */ = {isa = PBXFileReference; lastKnownFileType = sourcecode.swift; path = GroupsModel.swift; sourceTree = "<group>"; };
		4EB36A7B28612EC50042DA2A /* Session.swift */ = {isa = PBXFileReference; lastKnownFileType = sourcecode.swift; path = Session.swift; sourceTree = "<group>"; };
		4EB36A7E28612EEF0042DA2A /* VKLoginViewController.swift */ = {isa = PBXFileReference; lastKnownFileType = sourcecode.swift; path = VKLoginViewController.swift; sourceTree = "<group>"; };
		4EB36A8428612F3A0042DA2A /* PhotoFriendsService.swift */ = {isa = PBXFileReference; lastKnownFileType = sourcecode.swift; path = PhotoFriendsService.swift; sourceTree = "<group>"; };
		4EB36A8628612F630042DA2A /* FriendsCollectionViewCell.swift */ = {isa = PBXFileReference; lastKnownFileType = sourcecode.swift; path = FriendsCollectionViewCell.swift; sourceTree = "<group>"; };
		4EB36A8828612F850042DA2A /* FriendsCollectionViewController.swift */ = {isa = PBXFileReference; lastKnownFileType = sourcecode.swift; path = FriendsCollectionViewController.swift; sourceTree = "<group>"; };
		4EB36A8E28612FD00042DA2A /* FriendService.swift */ = {isa = PBXFileReference; lastKnownFileType = sourcecode.swift; path = FriendService.swift; sourceTree = "<group>"; };
		4EB36A9028612FEA0042DA2A /* FriendsTableViewCell.swift */ = {isa = PBXFileReference; lastKnownFileType = sourcecode.swift; path = FriendsTableViewCell.swift; sourceTree = "<group>"; };
		4EB36A9228612FFC0042DA2A /* FriendsTableViewController.swift */ = {isa = PBXFileReference; lastKnownFileType = sourcecode.swift; path = FriendsTableViewController.swift; sourceTree = "<group>"; };
		4EB36A952861303E0042DA2A /* AvatarView.swift */ = {isa = PBXFileReference; lastKnownFileType = sourcecode.swift; path = AvatarView.swift; sourceTree = "<group>"; };
		4EB36A98286130590042DA2A /* LikeControl.swift */ = {isa = PBXFileReference; lastKnownFileType = sourcecode.swift; path = LikeControl.swift; sourceTree = "<group>"; };
		4EB36A9E2861308A0042DA2A /* GroupService.swift */ = {isa = PBXFileReference; lastKnownFileType = sourcecode.swift; path = GroupService.swift; sourceTree = "<group>"; };
		4EB36AA0286130A00042DA2A /* MyGroupTableViewCell.swift */ = {isa = PBXFileReference; lastKnownFileType = sourcecode.swift; path = MyGroupTableViewCell.swift; sourceTree = "<group>"; };
		4EB36AA2286130B10042DA2A /* MyGroupTableViewController.swift */ = {isa = PBXFileReference; lastKnownFileType = sourcecode.swift; path = MyGroupTableViewController.swift; sourceTree = "<group>"; };
/* End PBXFileReference section */

/* Begin PBXFrameworksBuildPhase section */
		4EB36A4D28612D380042DA2A /* Frameworks */ = {
			isa = PBXFrameworksBuildPhase;
			buildActionMask = 2147483647;
			files = (
				4E160E9328614CA1002CF6CC /* Alamofire in Frameworks */,
				4EB36AA828613CA40042DA2A /* RealmSwift in Frameworks */,
				4EB36AA628613CA40042DA2A /* Realm in Frameworks */,
			);
			runOnlyForDeploymentPostprocessing = 0;
		};
/* End PBXFrameworksBuildPhase section */

/* Begin PBXGroup section */
		4EB36A4728612D380042DA2A = {
			isa = PBXGroup;
			children = (
				4EB36A5228612D380042DA2A /* VkApp */,
				4EB36A5128612D380042DA2A /* Products */,
			);
			sourceTree = "<group>";
		};
		4EB36A5128612D380042DA2A /* Products */ = {
			isa = PBXGroup;
			children = (
				4EB36A5028612D380042DA2A /* VkApp.app */,
			);
			name = Products;
			sourceTree = "<group>";
		};
		4EB36A5228612D380042DA2A /* VkApp */ = {
			isa = PBXGroup;
			children = (
				4EB36A6A28612D4D0042DA2A /* AppFile */,
				4EB36A6B28612D8D0042DA2A /* Common */,
				4EB36A6E28612DBE0042DA2A /* Extension */,
				4EB36A7328612DEE0042DA2A /* Model */,
				4EB36A7A28612EB80042DA2A /* Session */,
				4EB36A7D28612ED70042DA2A /* LoginView */,
				4EB36A8028612F0F0042DA2A /* Friends */,
				4EB36A9A286130690042DA2A /* Group */,
				4EB36A5F28612D3B0042DA2A /* Assets.xcassets */,
				4EB36A6428612D3B0042DA2A /* Info.plist */,
				4EB36A5C28612D380042DA2A /* VkApp.xcdatamodeld */,
			);
			path = VkApp;
			sourceTree = "<group>";
		};
		4EB36A6A28612D4D0042DA2A /* AppFile */ = {
			isa = PBXGroup;
			children = (
				4EB36A5328612D380042DA2A /* AppDelegate.swift */,
				4EB36A5528612D380042DA2A /* SceneDelegate.swift */,
				4EB36A5928612D380042DA2A /* Main.storyboard */,
				4EB36A6128612D3B0042DA2A /* LaunchScreen.storyboard */,
			);
			path = AppFile;
			sourceTree = "<group>";
		};
		4EB36A6B28612D8D0042DA2A /* Common */ = {
			isa = PBXGroup;
			children = (
				4EB36A6C28612D9A0042DA2A /* Constants.swift */,
			);
			path = Common;
			sourceTree = "<group>";
		};
		4EB36A6E28612DBE0042DA2A /* Extension */ = {
			isa = PBXGroup;
			children = (
				4EB36A6F28612DC80042DA2A /* Extensions+URL.swift */,
				4EB36A7128612DDC0042DA2A /* Extensions + UIImageView.swift */,
			);
			path = Extension;
			sourceTree = "<group>";
		};
		4EB36A7328612DEE0042DA2A /* Model */ = {
			isa = PBXGroup;
			children = (
				4EB36A7428612DFA0042DA2A /* FriendsModel.swift */,
				4EB36A7628612E900042DA2A /* PhotosModel.swift */,
				4EB36A7828612EA60042DA2A /* GroupsModel.swift */,
			);
			path = Model;
			sourceTree = "<group>";
		};
		4EB36A7A28612EB80042DA2A /* Session */ = {
			isa = PBXGroup;
			children = (
				4EB36A7B28612EC50042DA2A /* Session.swift */,
			);
			path = Session;
			sourceTree = "<group>";
		};
		4EB36A7D28612ED70042DA2A /* LoginView */ = {
			isa = PBXGroup;
			children = (
				4EB36A7E28612EEF0042DA2A /* VKLoginViewController.swift */,
			);
			path = LoginView;
			sourceTree = "<group>";
		};
		4EB36A8028612F0F0042DA2A /* Friends */ = {
			isa = PBXGroup;
			children = (
				4EB36A8A28612F9F0042DA2A /* FriendsTableView */,
				4EB36A8128612F160042DA2A /* FriendsCollection */,
				4EB36A94286130350042DA2A /* UserAvatar */,
				4EB36A972861304E0042DA2A /* Likes */,
			);
			path = Friends;
			sourceTree = "<group>";
		};
		4EB36A8128612F160042DA2A /* FriendsCollection */ = {
			isa = PBXGroup;
			children = (
				4EB36A8228612F1F0042DA2A /* ServiceLayer */,
				4EB36A8328612F260042DA2A /* Cells */,
				4EB36A8828612F850042DA2A /* FriendsCollectionViewController.swift */,
			);
			path = FriendsCollection;
			sourceTree = "<group>";
		};
		4EB36A8228612F1F0042DA2A /* ServiceLayer */ = {
			isa = PBXGroup;
			children = (
				4EB36A8428612F3A0042DA2A /* PhotoFriendsService.swift */,
			);
			path = ServiceLayer;
			sourceTree = "<group>";
		};
		4EB36A8328612F260042DA2A /* Cells */ = {
			isa = PBXGroup;
			children = (
				4EB36A8628612F630042DA2A /* FriendsCollectionViewCell.swift */,
			);
			path = Cells;
			sourceTree = "<group>";
		};
		4EB36A8A28612F9F0042DA2A /* FriendsTableView */ = {
			isa = PBXGroup;
			children = (
				4EB36A8C28612FAF0042DA2A /* ServiceLayer */,
				4EB36A8D28612FBA0042DA2A /* Cells */,
				4EB36A9228612FFC0042DA2A /* FriendsTableViewController.swift */,
			);
			path = FriendsTableView;
			sourceTree = "<group>";
		};
		4EB36A8C28612FAF0042DA2A /* ServiceLayer */ = {
			isa = PBXGroup;
			children = (
				4EB36A8E28612FD00042DA2A /* FriendService.swift */,
			);
			path = ServiceLayer;
			sourceTree = "<group>";
		};
		4EB36A8D28612FBA0042DA2A /* Cells */ = {
			isa = PBXGroup;
			children = (
				4EB36A9028612FEA0042DA2A /* FriendsTableViewCell.swift */,
			);
			path = Cells;
			sourceTree = "<group>";
		};
		4EB36A94286130350042DA2A /* UserAvatar */ = {
			isa = PBXGroup;
			children = (
				4EB36A952861303E0042DA2A /* AvatarView.swift */,
			);
			path = UserAvatar;
			sourceTree = "<group>";
		};
		4EB36A972861304E0042DA2A /* Likes */ = {
			isa = PBXGroup;
			children = (
				4EB36A98286130590042DA2A /* LikeControl.swift */,
			);
			path = Likes;
			sourceTree = "<group>";
		};
		4EB36A9A286130690042DA2A /* Group */ = {
			isa = PBXGroup;
			children = (
				4EB36A9B286130700042DA2A /* GroupControllers */,
			);
			path = Group;
			sourceTree = "<group>";
		};
		4EB36A9B286130700042DA2A /* GroupControllers */ = {
			isa = PBXGroup;
			children = (
				4EB36A9C286130770042DA2A /* Service Layer */,
				4EB36A9D2861307E0042DA2A /* GroupCells */,
				4EB36AA2286130B10042DA2A /* MyGroupTableViewController.swift */,
			);
			path = GroupControllers;
			sourceTree = "<group>";
		};
		4EB36A9C286130770042DA2A /* Service Layer */ = {
			isa = PBXGroup;
			children = (
				4EB36A9E2861308A0042DA2A /* GroupService.swift */,
			);
			path = "Service Layer";
			sourceTree = "<group>";
		};
		4EB36A9D2861307E0042DA2A /* GroupCells */ = {
			isa = PBXGroup;
			children = (
				4EB36AA0286130A00042DA2A /* MyGroupTableViewCell.swift */,
			);
			path = GroupCells;
			sourceTree = "<group>";
		};
/* End PBXGroup section */

/* Begin PBXNativeTarget section */
		4EB36A4F28612D380042DA2A /* VkApp */ = {
			isa = PBXNativeTarget;
			buildConfigurationList = 4EB36A6728612D3B0042DA2A /* Build configuration list for PBXNativeTarget "VkApp" */;
			buildPhases = (
				4EB36A4C28612D380042DA2A /* Sources */,
				4EB36A4D28612D380042DA2A /* Frameworks */,
				4EB36A4E28612D380042DA2A /* Resources */,
			);
			buildRules = (
			);
			dependencies = (
			);
			name = VkApp;
			packageProductDependencies = (
				4EB36AA528613CA40042DA2A /* Realm */,
				4EB36AA728613CA40042DA2A /* RealmSwift */,
				4E160E9228614CA1002CF6CC /* Alamofire */,
			);
			productName = VkApp;
			productReference = 4EB36A5028612D380042DA2A /* VkApp.app */;
			productType = "com.apple.product-type.application";
		};
/* End PBXNativeTarget section */

/* Begin PBXProject section */
		4EB36A4828612D380042DA2A /* Project object */ = {
			isa = PBXProject;
			attributes = {
				BuildIndependentTargetsInParallel = 1;
				LastSwiftUpdateCheck = 1340;
				LastUpgradeCheck = 1340;
				TargetAttributes = {
					4EB36A4F28612D380042DA2A = {
						CreatedOnToolsVersion = 13.4.1;
					};
				};
			};
			buildConfigurationList = 4EB36A4B28612D380042DA2A /* Build configuration list for PBXProject "VkApp" */;
			compatibilityVersion = "Xcode 13.0";
			developmentRegion = en;
			hasScannedForEncodings = 0;
			knownRegions = (
				en,
				Base,
			);
			mainGroup = 4EB36A4728612D380042DA2A;
			packageReferences = (
				4EB36AA428613CA40042DA2A /* XCRemoteSwiftPackageReference "realm-swift" */,
				4E160E9128614CA1002CF6CC /* XCRemoteSwiftPackageReference "Alamofire" */,
			);
			productRefGroup = 4EB36A5128612D380042DA2A /* Products */;
			projectDirPath = "";
			projectRoot = "";
			targets = (
				4EB36A4F28612D380042DA2A /* VkApp */,
			);
		};
/* End PBXProject section */

/* Begin PBXResourcesBuildPhase section */
		4EB36A4E28612D380042DA2A /* Resources */ = {
			isa = PBXResourcesBuildPhase;
			buildActionMask = 2147483647;
			files = (
				4EB36A6328612D3B0042DA2A /* LaunchScreen.storyboard in Resources */,
				4EB36A6028612D3B0042DA2A /* Assets.xcassets in Resources */,
				4EB36A5B28612D380042DA2A /* Main.storyboard in Resources */,
			);
			runOnlyForDeploymentPostprocessing = 0;
		};
/* End PBXResourcesBuildPhase section */

/* Begin PBXSourcesBuildPhase section */
		4EB36A4C28612D380042DA2A /* Sources */ = {
			isa = PBXSourcesBuildPhase;
			buildActionMask = 2147483647;
			files = (
				4EB36A7C28612EC50042DA2A /* Session.swift in Sources */,
				4EB36A5E28612D380042DA2A /* VkApp.xcdatamodeld in Sources */,
				4EB36A7028612DC80042DA2A /* Extensions+URL.swift in Sources */,
				4EB36A9128612FEA0042DA2A /* FriendsTableViewCell.swift in Sources */,
				4EB36AA3286130B10042DA2A /* MyGroupTableViewController.swift in Sources */,
				4EB36A7728612E900042DA2A /* PhotosModel.swift in Sources */,
				4EB36A5428612D380042DA2A /* AppDelegate.swift in Sources */,
				4EB36A5628612D380042DA2A /* SceneDelegate.swift in Sources */,
				4EB36A99286130590042DA2A /* LikeControl.swift in Sources */,
				4EB36A962861303E0042DA2A /* AvatarView.swift in Sources */,
				4EB36A7528612DFA0042DA2A /* FriendsModel.swift in Sources */,
				4EB36A7928612EA60042DA2A /* GroupsModel.swift in Sources */,
				4EB36A9F2861308A0042DA2A /* GroupService.swift in Sources */,
				4EB36A8928612F850042DA2A /* FriendsCollectionViewController.swift in Sources */,
				4EB36A6D28612D9A0042DA2A /* Constants.swift in Sources */,
				4EB36A7F28612EEF0042DA2A /* VKLoginViewController.swift in Sources */,
				4EB36AA1286130A00042DA2A /* MyGroupTableViewCell.swift in Sources */,
				4EB36A9328612FFC0042DA2A /* FriendsTableViewController.swift in Sources */,
				4EB36A8F28612FD00042DA2A /* FriendService.swift in Sources */,
				4EB36A8528612F3A0042DA2A /* PhotoFriendsService.swift in Sources */,
				4EB36A7228612DDC0042DA2A /* Extensions + UIImageView.swift in Sources */,
				4EB36A8728612F630042DA2A /* FriendsCollectionViewCell.swift in Sources */,
			);
			runOnlyForDeploymentPostprocessing = 0;
		};
/* End PBXSourcesBuildPhase section */

/* Begin PBXVariantGroup section */
		4EB36A5928612D380042DA2A /* Main.storyboard */ = {
			isa = PBXVariantGroup;
			children = (
				4EB36A5A28612D380042DA2A /* Base */,
			);
			name = Main.storyboard;
			sourceTree = "<group>";
		};
		4EB36A6128612D3B0042DA2A /* LaunchScreen.storyboard */ = {
			isa = PBXVariantGroup;
			children = (
				4EB36A6228612D3B0042DA2A /* Base */,
			);
			name = LaunchScreen.storyboard;
			sourceTree = "<group>";
		};
/* End PBXVariantGroup section */

/* Begin XCBuildConfiguration section */
		4EB36A6528612D3B0042DA2A /* Debug */ = {
			isa = XCBuildConfiguration;
			buildSettings = {
				ALWAYS_SEARCH_USER_PATHS = NO;
				CLANG_ANALYZER_NONNULL = YES;
				CLANG_ANALYZER_NUMBER_OBJECT_CONVERSION = YES_AGGRESSIVE;
				CLANG_CXX_LANGUAGE_STANDARD = "gnu++17";
				CLANG_ENABLE_MODULES = YES;
				CLANG_ENABLE_OBJC_ARC = YES;
				CLANG_ENABLE_OBJC_WEAK = YES;
				CLANG_WARN_BLOCK_CAPTURE_AUTORELEASING = YES;
				CLANG_WARN_BOOL_CONVERSION = YES;
				CLANG_WARN_COMMA = YES;
				CLANG_WARN_CONSTANT_CONVERSION = YES;
				CLANG_WARN_DEPRECATED_OBJC_IMPLEMENTATIONS = YES;
				CLANG_WARN_DIRECT_OBJC_ISA_USAGE = YES_ERROR;
				CLANG_WARN_DOCUMENTATION_COMMENTS = YES;
				CLANG_WARN_EMPTY_BODY = YES;
				CLANG_WARN_ENUM_CONVERSION = YES;
				CLANG_WARN_INFINITE_RECURSION = YES;
				CLANG_WARN_INT_CONVERSION = YES;
				CLANG_WARN_NON_LITERAL_NULL_CONVERSION = YES;
				CLANG_WARN_OBJC_IMPLICIT_RETAIN_SELF = YES;
				CLANG_WARN_OBJC_LITERAL_CONVERSION = YES;
				CLANG_WARN_OBJC_ROOT_CLASS = YES_ERROR;
				CLANG_WARN_QUOTED_INCLUDE_IN_FRAMEWORK_HEADER = YES;
				CLANG_WARN_RANGE_LOOP_ANALYSIS = YES;
				CLANG_WARN_STRICT_PROTOTYPES = YES;
				CLANG_WARN_SUSPICIOUS_MOVE = YES;
				CLANG_WARN_UNGUARDED_AVAILABILITY = YES_AGGRESSIVE;
				CLANG_WARN_UNREACHABLE_CODE = YES;
				CLANG_WARN__DUPLICATE_METHOD_MATCH = YES;
				COPY_PHASE_STRIP = NO;
				DEBUG_INFORMATION_FORMAT = dwarf;
				ENABLE_STRICT_OBJC_MSGSEND = YES;
				ENABLE_TESTABILITY = YES;
				GCC_C_LANGUAGE_STANDARD = gnu11;
				GCC_DYNAMIC_NO_PIC = NO;
				GCC_NO_COMMON_BLOCKS = YES;
				GCC_OPTIMIZATION_LEVEL = 0;
				GCC_PREPROCESSOR_DEFINITIONS = (
					"DEBUG=1",
					"$(inherited)",
				);
				GCC_WARN_64_TO_32_BIT_CONVERSION = YES;
				GCC_WARN_ABOUT_RETURN_TYPE = YES_ERROR;
				GCC_WARN_UNDECLARED_SELECTOR = YES;
				GCC_WARN_UNINITIALIZED_AUTOS = YES_AGGRESSIVE;
				GCC_WARN_UNUSED_FUNCTION = YES;
				GCC_WARN_UNUSED_VARIABLE = YES;
				IPHONEOS_DEPLOYMENT_TARGET = 15.5;
				MTL_ENABLE_DEBUG_INFO = INCLUDE_SOURCE;
				MTL_FAST_MATH = YES;
				ONLY_ACTIVE_ARCH = YES;
				SDKROOT = iphoneos;
				SWIFT_ACTIVE_COMPILATION_CONDITIONS = DEBUG;
				SWIFT_OPTIMIZATION_LEVEL = "-Onone";
			};
			name = Debug;
		};
		4EB36A6628612D3B0042DA2A /* Release */ = {
			isa = XCBuildConfiguration;
			buildSettings = {
				ALWAYS_SEARCH_USER_PATHS = NO;
				CLANG_ANALYZER_NONNULL = YES;
				CLANG_ANALYZER_NUMBER_OBJECT_CONVERSION = YES_AGGRESSIVE;
				CLANG_CXX_LANGUAGE_STANDARD = "gnu++17";
				CLANG_ENABLE_MODULES = YES;
				CLANG_ENABLE_OBJC_ARC = YES;
				CLANG_ENABLE_OBJC_WEAK = YES;
				CLANG_WARN_BLOCK_CAPTURE_AUTORELEASING = YES;
				CLANG_WARN_BOOL_CONVERSION = YES;
				CLANG_WARN_COMMA = YES;
				CLANG_WARN_CONSTANT_CONVERSION = YES;
				CLANG_WARN_DEPRECATED_OBJC_IMPLEMENTATIONS = YES;
				CLANG_WARN_DIRECT_OBJC_ISA_USAGE = YES_ERROR;
				CLANG_WARN_DOCUMENTATION_COMMENTS = YES;
				CLANG_WARN_EMPTY_BODY = YES;
				CLANG_WARN_ENUM_CONVERSION = YES;
				CLANG_WARN_INFINITE_RECURSION = YES;
				CLANG_WARN_INT_CONVERSION = YES;
				CLANG_WARN_NON_LITERAL_NULL_CONVERSION = YES;
				CLANG_WARN_OBJC_IMPLICIT_RETAIN_SELF = YES;
				CLANG_WARN_OBJC_LITERAL_CONVERSION = YES;
				CLANG_WARN_OBJC_ROOT_CLASS = YES_ERROR;
				CLANG_WARN_QUOTED_INCLUDE_IN_FRAMEWORK_HEADER = YES;
				CLANG_WARN_RANGE_LOOP_ANALYSIS = YES;
				CLANG_WARN_STRICT_PROTOTYPES = YES;
				CLANG_WARN_SUSPICIOUS_MOVE = YES;
				CLANG_WARN_UNGUARDED_AVAILABILITY = YES_AGGRESSIVE;
				CLANG_WARN_UNREACHABLE_CODE = YES;
				CLANG_WARN__DUPLICATE_METHOD_MATCH = YES;
				COPY_PHASE_STRIP = NO;
				DEBUG_INFORMATION_FORMAT = "dwarf-with-dsym";
				ENABLE_NS_ASSERTIONS = NO;
				ENABLE_STRICT_OBJC_MSGSEND = YES;
				GCC_C_LANGUAGE_STANDARD = gnu11;
				GCC_NO_COMMON_BLOCKS = YES;
				GCC_WARN_64_TO_32_BIT_CONVERSION = YES;
				GCC_WARN_ABOUT_RETURN_TYPE = YES_ERROR;
				GCC_WARN_UNDECLARED_SELECTOR = YES;
				GCC_WARN_UNINITIALIZED_AUTOS = YES_AGGRESSIVE;
				GCC_WARN_UNUSED_FUNCTION = YES;
				GCC_WARN_UNUSED_VARIABLE = YES;
				IPHONEOS_DEPLOYMENT_TARGET = 15.5;
				MTL_ENABLE_DEBUG_INFO = NO;
				MTL_FAST_MATH = YES;
				SDKROOT = iphoneos;
				SWIFT_COMPILATION_MODE = wholemodule;
				SWIFT_OPTIMIZATION_LEVEL = "-O";
				VALIDATE_PRODUCT = YES;
			};
			name = Release;
		};
		4EB36A6828612D3B0042DA2A /* Debug */ = {
			isa = XCBuildConfiguration;
			buildSettings = {
				ASSETCATALOG_COMPILER_APPICON_NAME = AppIcon;
				ASSETCATALOG_COMPILER_GLOBAL_ACCENT_COLOR_NAME = AccentColor;
				CODE_SIGN_STYLE = Automatic;
				CURRENT_PROJECT_VERSION = 1;
				GENERATE_INFOPLIST_FILE = YES;
				INFOPLIST_FILE = VkApp/Info.plist;
				INFOPLIST_KEY_CFBundleDisplayName = VK;
				INFOPLIST_KEY_UIApplicationSupportsIndirectInputEvents = YES;
				INFOPLIST_KEY_UILaunchStoryboardName = LaunchScreen;
				INFOPLIST_KEY_UIMainStoryboardFile = Main;
				INFOPLIST_KEY_UISupportedInterfaceOrientations_iPad = "UIInterfaceOrientationPortrait UIInterfaceOrientationPortraitUpsideDown UIInterfaceOrientationLandscapeLeft UIInterfaceOrientationLandscapeRight";
				INFOPLIST_KEY_UISupportedInterfaceOrientations_iPhone = "UIInterfaceOrientationPortrait UIInterfaceOrientationLandscapeLeft UIInterfaceOrientationLandscapeRight";
				LD_RUNPATH_SEARCH_PATHS = (
					"$(inherited)",
					"@executable_path/Frameworks",
				);
				MARKETING_VERSION = 1.0;
				PRODUCT_BUNDLE_IDENTIFIER = AlexanderChervoncev.VkApp;
				PRODUCT_NAME = "$(TARGET_NAME)";
				SWIFT_EMIT_LOC_STRINGS = YES;
				SWIFT_VERSION = 5.0;
				TARGETED_DEVICE_FAMILY = "1,2";
			};
			name = Debug;
		};
		4EB36A6928612D3B0042DA2A /* Release */ = {
			isa = XCBuildConfiguration;
			buildSettings = {
				ASSETCATALOG_COMPILER_APPICON_NAME = AppIcon;
				ASSETCATALOG_COMPILER_GLOBAL_ACCENT_COLOR_NAME = AccentColor;
				CODE_SIGN_STYLE = Automatic;
				CURRENT_PROJECT_VERSION = 1;
				GENERATE_INFOPLIST_FILE = YES;
				INFOPLIST_FILE = VkApp/Info.plist;
				INFOPLIST_KEY_CFBundleDisplayName = VK;
				INFOPLIST_KEY_UIApplicationSupportsIndirectInputEvents = YES;
				INFOPLIST_KEY_UILaunchStoryboardName = LaunchScreen;
				INFOPLIST_KEY_UIMainStoryboardFile = Main;
				INFOPLIST_KEY_UISupportedInterfaceOrientations_iPad = "UIInterfaceOrientationPortrait UIInterfaceOrientationPortraitUpsideDown UIInterfaceOrientationLandscapeLeft UIInterfaceOrientationLandscapeRight";
				INFOPLIST_KEY_UISupportedInterfaceOrientations_iPhone = "UIInterfaceOrientationPortrait UIInterfaceOrientationLandscapeLeft UIInterfaceOrientationLandscapeRight";
				LD_RUNPATH_SEARCH_PATHS = (
					"$(inherited)",
					"@executable_path/Frameworks",
				);
				MARKETING_VERSION = 1.0;
				PRODUCT_BUNDLE_IDENTIFIER = AlexanderChervoncev.VkApp;
				PRODUCT_NAME = "$(TARGET_NAME)";
				SWIFT_EMIT_LOC_STRINGS = YES;
				SWIFT_VERSION = 5.0;
				TARGETED_DEVICE_FAMILY = "1,2";
			};
			name = Release;
		};
/* End XCBuildConfiguration section */

/* Begin XCConfigurationList section */
		4EB36A4B28612D380042DA2A /* Build configuration list for PBXProject "VkApp" */ = {
			isa = XCConfigurationList;
			buildConfigurations = (
				4EB36A6528612D3B0042DA2A /* Debug */,
				4EB36A6628612D3B0042DA2A /* Release */,
			);
			defaultConfigurationIsVisible = 0;
			defaultConfigurationName = Release;
		};
		4EB36A6728612D3B0042DA2A /* Build configuration list for PBXNativeTarget "VkApp" */ = {
			isa = XCConfigurationList;
			buildConfigurations = (
				4EB36A6828612D3B0042DA2A /* Debug */,
				4EB36A6928612D3B0042DA2A /* Release */,
			);
			defaultConfigurationIsVisible = 0;
			defaultConfigurationName = Release;
		};
/* End XCConfigurationList section */

/* Begin XCRemoteSwiftPackageReference section */
		4E160E9128614CA1002CF6CC /* XCRemoteSwiftPackageReference "Alamofire" */ = {
			isa = XCRemoteSwiftPackageReference;
			repositoryURL = "https://github.com/Alamofire/Alamofire?ysclid=l4ng1zb1ca845312921";
			requirement = {
				kind = exactVersion;
				version = 5.6.1;
			};
		};
		4EB36AA428613CA40042DA2A /* XCRemoteSwiftPackageReference "realm-swift" */ = {
			isa = XCRemoteSwiftPackageReference;
			repositoryURL = "https://github.com/realm/realm-swift";
			requirement = {
				branch = master;
				kind = branch;
			};
		};
/* End XCRemoteSwiftPackageReference section */

/* Begin XCSwiftPackageProductDependency section */
		4E160E9228614CA1002CF6CC /* Alamofire */ = {
			isa = XCSwiftPackageProductDependency;
			package = 4E160E9128614CA1002CF6CC /* XCRemoteSwiftPackageReference "Alamofire" */;
			productName = Alamofire;
		};
		4EB36AA528613CA40042DA2A /* Realm */ = {
			isa = XCSwiftPackageProductDependency;
			package = 4EB36AA428613CA40042DA2A /* XCRemoteSwiftPackageReference "realm-swift" */;
			productName = Realm;
		};
		4EB36AA728613CA40042DA2A /* RealmSwift */ = {
			isa = XCSwiftPackageProductDependency;
			package = 4EB36AA428613CA40042DA2A /* XCRemoteSwiftPackageReference "realm-swift" */;
			productName = RealmSwift;
		};
/* End XCSwiftPackageProductDependency section */

/* Begin XCVersionGroup section */
		4EB36A5C28612D380042DA2A /* VkApp.xcdatamodeld */ = {
			isa = XCVersionGroup;
			children = (
				4EB36A5D28612D380042DA2A /* VkApp.xcdatamodel */,
			);
			currentVersion = 4EB36A5D28612D380042DA2A /* VkApp.xcdatamodel */;
			path = VkApp.xcdatamodeld;
			sourceTree = "<group>";
			versionGroupType = wrapper.xcdatamodel;
		};
/* End XCVersionGroup section */
	};
	rootObject = 4EB36A4828612D380042DA2A /* Project object */;
}
